{
  "object": {
    "pins": [
      {
        "package": "SwiftUI-MediaPicker",
        "repositoryURL": "https://github.com/UWAppDev/SwiftUI-MediaPicker.git",
        "state": {
          "branch": null,
          "revision": "9e810e407ad7ee5ac35cf6a442390b779916adb7",
          "version": "0.0.2"
        }
      }
    ]
  },
  "version": 1
}
