{
  "object": {
    "pins": [
      {
        "package": "SwiftUI-MediaPicker",
        "repositoryURL": "https://github.com/UWAppDev/SwiftUI-MediaPicker.git",
        "state": {
          "branch": null,
          "revision": "8c6c7f3acbe4df234b383cfaac5996945b547aab",
          "version": "0.1.0"
        }
      }
    ]
  },
  "version": 1
}
