{
  "object": {
    "pins": [
      {
        "package": "SwiftUI-MediaPicker",
        "repositoryURL": "https://github.com/UWAppDev/SwiftUI-MediaPicker.git",
        "state": {
          "branch": null,
          "revision": "43cf23f8eb4930aa27a7cec12bfadb6f49d33a39",
          "version": "0.0.1"
        }
      }
    ]
  },
  "version": 1
}
