{
  "object": {
    "pins": [
      {
        "package": "SwiftUI-MediaPicker",
        "repositoryURL": "https://github.com/UWAppDev/SwiftUI-MediaPicker.git",
        "state": {
          "branch": "main",
          "revision": "899e6c148bdb00d95cc2a41bfbe5a23ec25e944f",
          "version": null
        }
      }
    ]
  },
  "version": 1
}
