{
  "object": {
    "pins": [
      {
        "package": "SwiftUI-MediaPicker",
        "repositoryURL": "https://github.com/UWAppDev/SwiftUI-MediaPicker.git",
        "state": {
          "branch": "main",
          "revision": "ff864cee67021acf91fc7f3ef42207ebfceaa327",
          "version": null
        }
      }
    ]
  },
  "version": 1
}
